// !$*UTF8*$!
{
	archiveVersion = 1;
	classes = {
	};
	objectVersion = 56;
	objects = {

/* Begin PBXBuildFile section */
		BA279FAB2A932333001C5BA2 /* AppDelegate.swift in Sources */ = {isa = PBXBuildFile; fileRef = BA279FAA2A932333001C5BA2 /* AppDelegate.swift */; };
		BA279FAD2A932333001C5BA2 /* SceneDelegate.swift in Sources */ = {isa = PBXBuildFile; fileRef = BA279FAC2A932333001C5BA2 /* SceneDelegate.swift */; };
		BA279FB42A932335001C5BA2 /* Assets.xcassets in Resources */ = {isa = PBXBuildFile; fileRef = BA279FB32A932335001C5BA2 /* Assets.xcassets */; };
		BA279FB72A932335001C5BA2 /* LaunchScreen.storyboard in Resources */ = {isa = PBXBuildFile; fileRef = BA279FB52A932335001C5BA2 /* LaunchScreen.storyboard */; };
		BA279FC22A932475001C5BA2 /* TabBarController.swift in Sources */ = {isa = PBXBuildFile; fileRef = BA279FC12A932475001C5BA2 /* TabBarController.swift */; };
		BA279FC42A932632001C5BA2 /* ActivityViewController.swift in Sources */ = {isa = PBXBuildFile; fileRef = BA279FC32A932632001C5BA2 /* ActivityViewController.swift */; };
		BA279FC62A932640001C5BA2 /* SubscriptionViewController.swift in Sources */ = {isa = PBXBuildFile; fileRef = BA279FC52A932640001C5BA2 /* SubscriptionViewController.swift */; };
		BA279FC82A93264B001C5BA2 /* NotificationViewController.swift in Sources */ = {isa = PBXBuildFile; fileRef = BA279FC72A93264B001C5BA2 /* NotificationViewController.swift */; };
		BA279FCA2A93265E001C5BA2 /* ProfileViewController.swift in Sources */ = {isa = PBXBuildFile; fileRef = BA279FC92A93265E001C5BA2 /* ProfileViewController.swift */; };
		BA279FCC2A9326BF001C5BA2 /* ChatViewController.swift in Sources */ = {isa = PBXBuildFile; fileRef = BA279FCB2A9326BF001C5BA2 /* ChatViewController.swift */; };
		BA279FCE2A94914A001C5BA2 /* SubscriptionCollectionViewCell.swift in Sources */ = {isa = PBXBuildFile; fileRef = BA279FCD2A94914A001C5BA2 /* SubscriptionCollectionViewCell.swift */; };
/* End PBXBuildFile section */

/* Begin PBXFileReference section */
		BA279FA72A932333001C5BA2 /* Hasty.app */ = {isa = PBXFileReference; explicitFileType = wrapper.application; includeInIndex = 0; path = Hasty.app; sourceTree = BUILT_PRODUCTS_DIR; };
		BA279FAA2A932333001C5BA2 /* AppDelegate.swift */ = {isa = PBXFileReference; lastKnownFileType = sourcecode.swift; path = AppDelegate.swift; sourceTree = "<group>"; };
		BA279FAC2A932333001C5BA2 /* SceneDelegate.swift */ = {isa = PBXFileReference; lastKnownFileType = sourcecode.swift; path = SceneDelegate.swift; sourceTree = "<group>"; };
		BA279FB32A932335001C5BA2 /* Assets.xcassets */ = {isa = PBXFileReference; lastKnownFileType = folder.assetcatalog; path = Assets.xcassets; sourceTree = "<group>"; };
		BA279FB62A932335001C5BA2 /* Base */ = {isa = PBXFileReference; lastKnownFileType = file.storyboard; name = Base; path = Base.lproj/LaunchScreen.storyboard; sourceTree = "<group>"; };
		BA279FB82A932335001C5BA2 /* Info.plist */ = {isa = PBXFileReference; lastKnownFileType = text.plist.xml; path = Info.plist; sourceTree = "<group>"; };
		BA279FC12A932475001C5BA2 /* TabBarController.swift */ = {isa = PBXFileReference; lastKnownFileType = sourcecode.swift; path = TabBarController.swift; sourceTree = "<group>"; };
		BA279FC32A932632001C5BA2 /* ActivityViewController.swift */ = {isa = PBXFileReference; lastKnownFileType = sourcecode.swift; path = ActivityViewController.swift; sourceTree = "<group>"; };
		BA279FC52A932640001C5BA2 /* SubscriptionViewController.swift */ = {isa = PBXFileReference; lastKnownFileType = sourcecode.swift; path = SubscriptionViewController.swift; sourceTree = "<group>"; };
		BA279FC72A93264B001C5BA2 /* NotificationViewController.swift */ = {isa = PBXFileReference; lastKnownFileType = sourcecode.swift; path = NotificationViewController.swift; sourceTree = "<group>"; };
		BA279FC92A93265E001C5BA2 /* ProfileViewController.swift */ = {isa = PBXFileReference; lastKnownFileType = sourcecode.swift; path = ProfileViewController.swift; sourceTree = "<group>"; };
		BA279FCB2A9326BF001C5BA2 /* ChatViewController.swift */ = {isa = PBXFileReference; lastKnownFileType = sourcecode.swift; path = ChatViewController.swift; sourceTree = "<group>"; };
		BA279FCD2A94914A001C5BA2 /* SubscriptionCollectionViewCell.swift */ = {isa = PBXFileReference; lastKnownFileType = sourcecode.swift; path = SubscriptionCollectionViewCell.swift; sourceTree = "<group>"; };
/* End PBXFileReference section */

/* Begin PBXFrameworksBuildPhase section */
		BA279FA42A932333001C5BA2 /* Frameworks */ = {
			isa = PBXFrameworksBuildPhase;
			buildActionMask = 2147483647;
			files = (
			);
			runOnlyForDeploymentPostprocessing = 0;
		};
/* End PBXFrameworksBuildPhase section */

/* Begin PBXGroup section */
		BA279F9E2A932333001C5BA2 = {
			isa = PBXGroup;
			children = (
				BA279FA92A932333001C5BA2 /* Hasty */,
				BA279FA82A932333001C5BA2 /* Products */,
			);
			sourceTree = "<group>";
		};
		BA279FA82A932333001C5BA2 /* Products */ = {
			isa = PBXGroup;
			children = (
				BA279FA72A932333001C5BA2 /* Hasty.app */,
			);
			name = Products;
			sourceTree = "<group>";
		};
		BA279FA92A932333001C5BA2 /* Hasty */ = {
			isa = PBXGroup;
			children = (
				BA279FC02A9323F5001C5BA2 /* Models */,
				BA279FBF2A9323EA001C5BA2 /* Views */,
				BA279FBE2A9323D4001C5BA2 /* Controllers */,
				BA279FAA2A932333001C5BA2 /* AppDelegate.swift */,
				BA279FAC2A932333001C5BA2 /* SceneDelegate.swift */,
				BA279FB32A932335001C5BA2 /* Assets.xcassets */,
				BA279FB52A932335001C5BA2 /* LaunchScreen.storyboard */,
				BA279FB82A932335001C5BA2 /* Info.plist */,
			);
			path = Hasty;
			sourceTree = "<group>";
		};
		BA279FBE2A9323D4001C5BA2 /* Controllers */ = {
			isa = PBXGroup;
			children = (
				BA279FC12A932475001C5BA2 /* TabBarController.swift */,
				BA279FC32A932632001C5BA2 /* ActivityViewController.swift */,
				BA279FC52A932640001C5BA2 /* SubscriptionViewController.swift */,
				BA279FC72A93264B001C5BA2 /* NotificationViewController.swift */,
				BA279FC92A93265E001C5BA2 /* ProfileViewController.swift */,
				BA279FCB2A9326BF001C5BA2 /* ChatViewController.swift */,
			);
			path = Controllers;
			sourceTree = "<group>";
		};
		BA279FBF2A9323EA001C5BA2 /* Views */ = {
			isa = PBXGroup;
			children = (
				BA279FCD2A94914A001C5BA2 /* SubscriptionCollectionViewCell.swift */,
			);
			path = Views;
			sourceTree = "<group>";
		};
		BA279FC02A9323F5001C5BA2 /* Models */ = {
			isa = PBXGroup;
			children = (
			);
			path = Models;
			sourceTree = "<group>";
		};
/* End PBXGroup section */

/* Begin PBXNativeTarget section */
		BA279FA62A932333001C5BA2 /* Hasty */ = {
			isa = PBXNativeTarget;
			buildConfigurationList = BA279FBB2A932335001C5BA2 /* Build configuration list for PBXNativeTarget "Hasty" */;
			buildPhases = (
				BA279FA32A932333001C5BA2 /* Sources */,
				BA279FA42A932333001C5BA2 /* Frameworks */,
				BA279FA52A932333001C5BA2 /* Resources */,
			);
			buildRules = (
			);
			dependencies = (
			);
			name = Hasty;
			productName = Hasty;
			productReference = BA279FA72A932333001C5BA2 /* Hasty.app */;
			productType = "com.apple.product-type.application";
		};
/* End PBXNativeTarget section */

/* Begin PBXProject section */
		BA279F9F2A932333001C5BA2 /* Project object */ = {
			isa = PBXProject;
			attributes = {
				BuildIndependentTargetsInParallel = 1;
				LastSwiftUpdateCheck = 1430;
				LastUpgradeCheck = 1430;
				TargetAttributes = {
					BA279FA62A932333001C5BA2 = {
						CreatedOnToolsVersion = 14.3;
					};
				};
			};
			buildConfigurationList = BA279FA22A932333001C5BA2 /* Build configuration list for PBXProject "Hasty" */;
			compatibilityVersion = "Xcode 14.0";
			developmentRegion = en;
			hasScannedForEncodings = 0;
			knownRegions = (
				en,
				Base,
			);
			mainGroup = BA279F9E2A932333001C5BA2;
			productRefGroup = BA279FA82A932333001C5BA2 /* Products */;
			projectDirPath = "";
			projectRoot = "";
			targets = (
				BA279FA62A932333001C5BA2 /* Hasty */,
			);
		};
/* End PBXProject section */

/* Begin PBXResourcesBuildPhase section */
		BA279FA52A932333001C5BA2 /* Resources */ = {
			isa = PBXResourcesBuildPhase;
			buildActionMask = 2147483647;
			files = (
				BA279FB72A932335001C5BA2 /* LaunchScreen.storyboard in Resources */,
				BA279FB42A932335001C5BA2 /* Assets.xcassets in Resources */,
			);
			runOnlyForDeploymentPostprocessing = 0;
		};
/* End PBXResourcesBuildPhase section */

/* Begin PBXSourcesBuildPhase section */
		BA279FA32A932333001C5BA2 /* Sources */ = {
			isa = PBXSourcesBuildPhase;
			buildActionMask = 2147483647;
			files = (
				BA279FCE2A94914A001C5BA2 /* SubscriptionCollectionViewCell.swift in Sources */,
				BA279FC62A932640001C5BA2 /* SubscriptionViewController.swift in Sources */,
				BA279FC22A932475001C5BA2 /* TabBarController.swift in Sources */,
				BA279FC82A93264B001C5BA2 /* NotificationViewController.swift in Sources */,
				BA279FAB2A932333001C5BA2 /* AppDelegate.swift in Sources */,
				BA279FC42A932632001C5BA2 /* ActivityViewController.swift in Sources */,
				BA279FCA2A93265E001C5BA2 /* ProfileViewController.swift in Sources */,
				BA279FCC2A9326BF001C5BA2 /* ChatViewController.swift in Sources */,
				BA279FAD2A932333001C5BA2 /* SceneDelegate.swift in Sources */,
			);
			runOnlyForDeploymentPostprocessing = 0;
		};
/* End PBXSourcesBuildPhase section */

/* Begin PBXVariantGroup section */
		BA279FB52A932335001C5BA2 /* LaunchScreen.storyboard */ = {
			isa = PBXVariantGroup;
			children = (
				BA279FB62A932335001C5BA2 /* Base */,
			);
			name = LaunchScreen.storyboard;
			sourceTree = "<group>";
		};
/* End PBXVariantGroup section */

/* Begin XCBuildConfiguration section */
		BA279FB92A932335001C5BA2 /* Debug */ = {
			isa = XCBuildConfiguration;
			buildSettings = {
				ALWAYS_SEARCH_USER_PATHS = NO;
				CLANG_ANALYZER_NONNULL = YES;
				CLANG_ANALYZER_NUMBER_OBJECT_CONVERSION = YES_AGGRESSIVE;
				CLANG_CXX_LANGUAGE_STANDARD = "gnu++20";
				CLANG_ENABLE_MODULES = YES;
				CLANG_ENABLE_OBJC_ARC = YES;
				CLANG_ENABLE_OBJC_WEAK = YES;
				CLANG_WARN_BLOCK_CAPTURE_AUTORELEASING = YES;
				CLANG_WARN_BOOL_CONVERSION = YES;
				CLANG_WARN_COMMA = YES;
				CLANG_WARN_CONSTANT_CONVERSION = YES;
				CLANG_WARN_DEPRECATED_OBJC_IMPLEMENTATIONS = YES;
				CLANG_WARN_DIRECT_OBJC_ISA_USAGE = YES_ERROR;
				CLANG_WARN_DOCUMENTATION_COMMENTS = YES;
				CLANG_WARN_EMPTY_BODY = YES;
				CLANG_WARN_ENUM_CONVERSION = YES;
				CLANG_WARN_INFINITE_RECURSION = YES;
				CLANG_WARN_INT_CONVERSION = YES;
				CLANG_WARN_NON_LITERAL_NULL_CONVERSION = YES;
				CLANG_WARN_OBJC_IMPLICIT_RETAIN_SELF = YES;
				CLANG_WARN_OBJC_LITERAL_CONVERSION = YES;
				CLANG_WARN_OBJC_ROOT_CLASS = YES_ERROR;
				CLANG_WARN_QUOTED_INCLUDE_IN_FRAMEWORK_HEADER = YES;
				CLANG_WARN_RANGE_LOOP_ANALYSIS = YES;
				CLANG_WARN_STRICT_PROTOTYPES = YES;
				CLANG_WARN_SUSPICIOUS_MOVE = YES;
				CLANG_WARN_UNGUARDED_AVAILABILITY = YES_AGGRESSIVE;
				CLANG_WARN_UNREACHABLE_CODE = YES;
				CLANG_WARN__DUPLICATE_METHOD_MATCH = YES;
				COPY_PHASE_STRIP = NO;
				DEBUG_INFORMATION_FORMAT = dwarf;
				ENABLE_STRICT_OBJC_MSGSEND = YES;
				ENABLE_TESTABILITY = YES;
				GCC_C_LANGUAGE_STANDARD = gnu11;
				GCC_DYNAMIC_NO_PIC = NO;
				GCC_NO_COMMON_BLOCKS = YES;
				GCC_OPTIMIZATION_LEVEL = 0;
				GCC_PREPROCESSOR_DEFINITIONS = (
					"DEBUG=1",
					"$(inherited)",
				);
				GCC_WARN_64_TO_32_BIT_CONVERSION = YES;
				GCC_WARN_ABOUT_RETURN_TYPE = YES_ERROR;
				GCC_WARN_UNDECLARED_SELECTOR = YES;
				GCC_WARN_UNINITIALIZED_AUTOS = YES_AGGRESSIVE;
				GCC_WARN_UNUSED_FUNCTION = YES;
				GCC_WARN_UNUSED_VARIABLE = YES;
				IPHONEOS_DEPLOYMENT_TARGET = 16.4;
				MTL_ENABLE_DEBUG_INFO = INCLUDE_SOURCE;
				MTL_FAST_MATH = YES;
				ONLY_ACTIVE_ARCH = YES;
				SDKROOT = iphoneos;
				SWIFT_ACTIVE_COMPILATION_CONDITIONS = DEBUG;
				SWIFT_OPTIMIZATION_LEVEL = "-Onone";
			};
			name = Debug;
		};
		BA279FBA2A932335001C5BA2 /* Release */ = {
			isa = XCBuildConfiguration;
			buildSettings = {
				ALWAYS_SEARCH_USER_PATHS = NO;
				CLANG_ANALYZER_NONNULL = YES;
				CLANG_ANALYZER_NUMBER_OBJECT_CONVERSION = YES_AGGRESSIVE;
				CLANG_CXX_LANGUAGE_STANDARD = "gnu++20";
				CLANG_ENABLE_MODULES = YES;
				CLANG_ENABLE_OBJC_ARC = YES;
				CLANG_ENABLE_OBJC_WEAK = YES;
				CLANG_WARN_BLOCK_CAPTURE_AUTORELEASING = YES;
				CLANG_WARN_BOOL_CONVERSION = YES;
				CLANG_WARN_COMMA = YES;
				CLANG_WARN_CONSTANT_CONVERSION = YES;
				CLANG_WARN_DEPRECATED_OBJC_IMPLEMENTATIONS = YES;
				CLANG_WARN_DIRECT_OBJC_ISA_USAGE = YES_ERROR;
				CLANG_WARN_DOCUMENTATION_COMMENTS = YES;
				CLANG_WARN_EMPTY_BODY = YES;
				CLANG_WARN_ENUM_CONVERSION = YES;
				CLANG_WARN_INFINITE_RECURSION = YES;
				CLANG_WARN_INT_CONVERSION = YES;
				CLANG_WARN_NON_LITERAL_NULL_CONVERSION = YES;
				CLANG_WARN_OBJC_IMPLICIT_RETAIN_SELF = YES;
				CLANG_WARN_OBJC_LITERAL_CONVERSION = YES;
				CLANG_WARN_OBJC_ROOT_CLASS = YES_ERROR;
				CLANG_WARN_QUOTED_INCLUDE_IN_FRAMEWORK_HEADER = YES;
				CLANG_WARN_RANGE_LOOP_ANALYSIS = YES;
				CLANG_WARN_STRICT_PROTOTYPES = YES;
				CLANG_WARN_SUSPICIOUS_MOVE = YES;
				CLANG_WARN_UNGUARDED_AVAILABILITY = YES_AGGRESSIVE;
				CLANG_WARN_UNREACHABLE_CODE = YES;
				CLANG_WARN__DUPLICATE_METHOD_MATCH = YES;
				COPY_PHASE_STRIP = NO;
				DEBUG_INFORMATION_FORMAT = "dwarf-with-dsym";
				ENABLE_NS_ASSERTIONS = NO;
				ENABLE_STRICT_OBJC_MSGSEND = YES;
				GCC_C_LANGUAGE_STANDARD = gnu11;
				GCC_NO_COMMON_BLOCKS = YES;
				GCC_WARN_64_TO_32_BIT_CONVERSION = YES;
				GCC_WARN_ABOUT_RETURN_TYPE = YES_ERROR;
				GCC_WARN_UNDECLARED_SELECTOR = YES;
				GCC_WARN_UNINITIALIZED_AUTOS = YES_AGGRESSIVE;
				GCC_WARN_UNUSED_FUNCTION = YES;
				GCC_WARN_UNUSED_VARIABLE = YES;
				IPHONEOS_DEPLOYMENT_TARGET = 16.4;
				MTL_ENABLE_DEBUG_INFO = NO;
				MTL_FAST_MATH = YES;
				SDKROOT = iphoneos;
				SWIFT_COMPILATION_MODE = wholemodule;
				SWIFT_OPTIMIZATION_LEVEL = "-O";
				VALIDATE_PRODUCT = YES;
			};
			name = Release;
		};
		BA279FBC2A932335001C5BA2 /* Debug */ = {
			isa = XCBuildConfiguration;
			buildSettings = {
				ASSETCATALOG_COMPILER_APPICON_NAME = AppIcon;
				ASSETCATALOG_COMPILER_GLOBAL_ACCENT_COLOR_NAME = AccentColor;
				CODE_SIGN_STYLE = Automatic;
				CURRENT_PROJECT_VERSION = 1;
				GENERATE_INFOPLIST_FILE = YES;
				INFOPLIST_FILE = Hasty/Info.plist;
				INFOPLIST_KEY_UIApplicationSupportsIndirectInputEvents = YES;
				INFOPLIST_KEY_UILaunchStoryboardName = LaunchScreen;
				INFOPLIST_KEY_UISupportedInterfaceOrientations_iPad = "UIInterfaceOrientationPortrait UIInterfaceOrientationPortraitUpsideDown UIInterfaceOrientationLandscapeLeft UIInterfaceOrientationLandscapeRight";
				INFOPLIST_KEY_UISupportedInterfaceOrientations_iPhone = "UIInterfaceOrientationPortrait UIInterfaceOrientationLandscapeLeft UIInterfaceOrientationLandscapeRight";
				LD_RUNPATH_SEARCH_PATHS = (
					"$(inherited)",
					"@executable_path/Frameworks",
				);
				MARKETING_VERSION = 1.0;
				PRODUCT_BUNDLE_IDENTIFIER = com.nazar.Hasty;
				PRODUCT_NAME = "$(TARGET_NAME)";
				SWIFT_EMIT_LOC_STRINGS = YES;
				SWIFT_VERSION = 5.0;
				TARGETED_DEVICE_FAMILY = "1,2";
			};
			name = Debug;
		};
		BA279FBD2A932335001C5BA2 /* Release */ = {
			isa = XCBuildConfiguration;
			buildSettings = {
				ASSETCATALOG_COMPILER_APPICON_NAME = AppIcon;
				ASSETCATALOG_COMPILER_GLOBAL_ACCENT_COLOR_NAME = AccentColor;
				CODE_SIGN_STYLE = Automatic;
				CURRENT_PROJECT_VERSION = 1;
				GENERATE_INFOPLIST_FILE = YES;
				INFOPLIST_FILE = Hasty/Info.plist;
				INFOPLIST_KEY_UIApplicationSupportsIndirectInputEvents = YES;
				INFOPLIST_KEY_UILaunchStoryboardName = LaunchScreen;
				INFOPLIST_KEY_UISupportedInterfaceOrientations_iPad = "UIInterfaceOrientationPortrait UIInterfaceOrientationPortraitUpsideDown UIInterfaceOrientationLandscapeLeft UIInterfaceOrientationLandscapeRight";
				INFOPLIST_KEY_UISupportedInterfaceOrientations_iPhone = "UIInterfaceOrientationPortrait UIInterfaceOrientationLandscapeLeft UIInterfaceOrientationLandscapeRight";
				LD_RUNPATH_SEARCH_PATHS = (
					"$(inherited)",
					"@executable_path/Frameworks",
				);
				MARKETING_VERSION = 1.0;
				PRODUCT_BUNDLE_IDENTIFIER = com.nazar.Hasty;
				PRODUCT_NAME = "$(TARGET_NAME)";
				SWIFT_EMIT_LOC_STRINGS = YES;
				SWIFT_VERSION = 5.0;
				TARGETED_DEVICE_FAMILY = "1,2";
			};
			name = Release;
		};
/* End XCBuildConfiguration section */

/* Begin XCConfigurationList section */
		BA279FA22A932333001C5BA2 /* Build configuration list for PBXProject "Hasty" */ = {
			isa = XCConfigurationList;
			buildConfigurations = (
				BA279FB92A932335001C5BA2 /* Debug */,
				BA279FBA2A932335001C5BA2 /* Release */,
			);
			defaultConfigurationIsVisible = 0;
			defaultConfigurationName = Release;
		};
		BA279FBB2A932335001C5BA2 /* Build configuration list for PBXNativeTarget "Hasty" */ = {
			isa = XCConfigurationList;
			buildConfigurations = (
				BA279FBC2A932335001C5BA2 /* Debug */,
				BA279FBD2A932335001C5BA2 /* Release */,
			);
			defaultConfigurationIsVisible = 0;
			defaultConfigurationName = Release;
		};
/* End XCConfigurationList section */
	};
	rootObject = BA279F9F2A932333001C5BA2 /* Project object */;
}
